
Microsoft Visual Studio Solution File, Format Version 12.00
# Visual Studio Version 17
VisualStudioVersion = 17.14.36401.2 d17.14
MinimumVisualStudioVersion = 10.0.40219.1
Project("{FAE04EC0-301F-11D3-BF4B-00C04F79EFBC}") = "UberFarePrediction", "UberFarePrediction\UberFarePrediction.csproj", "{C5CD08A4-3B6E-4787-B020-8FFBDE8CFC66}"
EndProject
Project("{FAE04EC0-301F-11D3-BF4B-00C04F79EFBC}") = "MLModel1_ConsoleApp1", "MLModel1_ConsoleApp1\MLModel1_ConsoleApp1.csproj", "{03D8A5E7-F6C4-F22C-3862-9D520081ADA5}"
EndProject
Global
	GlobalSection(SolutionConfigurationPlatforms) = preSolution
		Debug|Any CPU = Debug|Any CPU
		Release|Any CPU = Release|Any CPU
	EndGlobalSection
	GlobalSection(ProjectConfigurationPlatforms) = postSolution
		{C5CD08A4-3B6E-4787-B020-8FFBDE8CFC66}.Debug|Any CPU.ActiveCfg = Debug|Any CPU
		{C5CD08A4-3B6E-4787-B020-8FFBDE8CFC66}.Debug|Any CPU.Build.0 = Debug|Any CPU
		{C5CD08A4-3B6E-4787-B020-8FFBDE8CFC66}.Release|Any CPU.ActiveCfg = Release|Any CPU
		{C5CD08A4-3B6E-4787-B020-8FFBDE8CFC66}.Release|Any CPU.Build.0 = Release|Any CPU
		{03D8A5E7-F6C4-F22C-3862-9D520081ADA5}.Debug|Any CPU.ActiveCfg = Debug|Any CPU
		{03D8A5E7-F6C4-F22C-3862-9D520081ADA5}.Debug|Any CPU.Build.0 = Debug|Any CPU
		{03D8A5E7-F6C4-F22C-3862-9D520081ADA5}.Release|Any CPU.ActiveCfg = Release|Any CPU
		{03D8A5E7-F6C4-F22C-3862-9D520081ADA5}.Release|Any CPU.Build.0 = Release|Any CPU
	EndGlobalSection
	GlobalSection(SolutionProperties) = preSolution
		HideSolutionNode = FALSE
	EndGlobalSection
	GlobalSection(ExtensibilityGlobals) = postSolution
		SolutionGuid = {83921906-22CA-469E-ADAF-8B0B3E4FA2A0}
	EndGlobalSection
EndGlobal
